
Microsoft Visual Studio Solution File, Format Version 12.00
# Visual Studio 15
VisualStudioVersion = 15.0.28307.329
MinimumVisualStudioVersion = 10.0.40219.1
Project("{9A19103F-16F7-4668-BE54-9A1E7A4F7556}") = "Is4Server", "Is4Server\Is4Server.csproj", "{98AE509B-E36E-4CEF-9374-969D6C38A9AF}"
EndProject
Project("{FAE04EC0-301F-11D3-BF4B-00C04F79EFBC}") = "Is4Client", "Is4Client\Is4Client.csproj", "{0BAA10FB-C508-4198-B5C2-1F0CC0288591}"
EndProject
Project("{9A19103F-16F7-4668-BE54-9A1E7A4F7556}") = "Is4ServerWithoutUi", "Is4ServerWithoutUi\Is4ServerWithoutUi.csproj", "{A5315382-D9D2-4192-9C0D-961908B2B068}"
EndProject
Global
	GlobalSection(SolutionConfigurationPlatforms) = preSolution
		Debug|Any CPU = Debug|Any CPU
		Release|Any CPU = Release|Any CPU
	EndGlobalSection
	GlobalSection(ProjectConfigurationPlatforms) = postSolution
		{98AE509B-E36E-4CEF-9374-969D6C38A9AF}.Debug|Any CPU.ActiveCfg = Debug|Any CPU
		{98AE509B-E36E-4CEF-9374-969D6C38A9AF}.Debug|Any CPU.Build.0 = Debug|Any CPU
		{98AE509B-E36E-4CEF-9374-969D6C38A9AF}.Release|Any CPU.ActiveCfg = Release|Any CPU
		{98AE509B-E36E-4CEF-9374-969D6C38A9AF}.Release|Any CPU.Build.0 = Release|Any CPU
		{0BAA10FB-C508-4198-B5C2-1F0CC0288591}.Debug|Any CPU.ActiveCfg = Debug|Any CPU
		{0BAA10FB-C508-4198-B5C2-1F0CC0288591}.Debug|Any CPU.Build.0 = Debug|Any CPU
		{0BAA10FB-C508-4198-B5C2-1F0CC0288591}.Release|Any CPU.ActiveCfg = Release|Any CPU
		{0BAA10FB-C508-4198-B5C2-1F0CC0288591}.Release|Any CPU.Build.0 = Release|Any CPU
		{A5315382-D9D2-4192-9C0D-961908B2B068}.Debug|Any CPU.ActiveCfg = Debug|Any CPU
		{A5315382-D9D2-4192-9C0D-961908B2B068}.Debug|Any CPU.Build.0 = Debug|Any CPU
		{A5315382-D9D2-4192-9C0D-961908B2B068}.Release|Any CPU.ActiveCfg = Release|Any CPU
		{A5315382-D9D2-4192-9C0D-961908B2B068}.Release|Any CPU.Build.0 = Release|Any CPU
	EndGlobalSection
	GlobalSection(SolutionProperties) = preSolution
		HideSolutionNode = FALSE
	EndGlobalSection
	GlobalSection(ExtensibilityGlobals) = postSolution
		SolutionGuid = {6AD4FC6E-7237-44A1-B79E-502CC31B41C2}
	EndGlobalSection
EndGlobal
